// !$*UTF8*$!
{
	archiveVersion = 1;
	classes = {
	};
	objectVersion = 77;
	objects = {

/* Begin PBXBuildFile section */
		00F1F3768E7484CAD8FEA5BB /* TezBalance.swift in Sources */ = {isa = PBXBuildFile; fileRef = 4AD2923CC5C89DA1FF23B263 /* TezBalance.swift */; };
		0520F4FB65E229931D03ED9B /* BridgeConsoleTests.swift in Sources */ = {isa = PBXBuildFile; fileRef = BBD13470629CB6326F0858BB /* BridgeConsoleTests.swift */; };
		0535E8D871DA72D6F3E22641 /* QRCode.swift in Sources */ = {isa = PBXBuildFile; fileRef = A10DBE16F18BCE91ECEC7739 /* QRCode.swift */; };
		07D7E4480040CCD4175347AC /* Appearance.swift in Sources */ = {isa = PBXBuildFile; fileRef = 046B82438F96A071EF2BC434 /* Appearance.swift */; };
		07EF5A22F9510DA8E3633808 /* TzKTService.swift in Sources */ = {isa = PBXBuildFile; fileRef = 26EB7BB81FBD6E133CC3E8B2 /* TzKTService.swift */; };
		085B233AC77880DCA51C819A /* WalletViewModel.swift in Sources */ = {isa = PBXBuildFile; fileRef = B5E264E393D7C759C2774CF1 /* WalletViewModel.swift */; };
		0CED335B769FC20C5E1FBF97 /* ChainServiceTestSupport.swift in Sources */ = {isa = PBXBuildFile; fileRef = 37D1A33134A80A7023ED60D8 /* ChainServiceTestSupport.swift */; };
		0D1CBA87D5C676173EF6E37B /* EncryptedKeyTests.swift in Sources */ = {isa = PBXBuildFile; fileRef = 766EF1D905BA708A70AD1DC1 /* EncryptedKeyTests.swift */; };
		10516DDFD3C74F49D141E4A6 /* ActionButtonsView.swift in Sources */ = {isa = PBXBuildFile; fileRef = FB238C502C752F4198363525 /* ActionButtonsView.swift */; };
		13354E2B7B8C14D263838D0A /* AssetBalance.swift in Sources */ = {isa = PBXBuildFile; fileRef = 82891C504DD66214B765AF83 /* AssetBalance.swift */; };
		15B6085B392A57A2CF3BC9F9 /* SendSheet+Preview.swift in Sources */ = {isa = PBXBuildFile; fileRef = 4B5133556944367214FA9041 /* SendSheet+Preview.swift */; };
		15FF63E596D6B4BF37C12288 /* Profiles.swift in Sources */ = {isa = PBXBuildFile; fileRef = 4F69782E8214F5E7A8AFD15F /* Profiles.swift */; };
		187F8A19861109D189ACEEA7 /* WalletHomeView.swift in Sources */ = {isa = PBXBuildFile; fileRef = 075C70E256C22BF792C133B6 /* WalletHomeView.swift */; };
		19F92B5854FE30FF0AC11B4D /* TransactionTests.swift in Sources */ = {isa = PBXBuildFile; fileRef = 79F498AB6E54AD10BF1747A6 /* TransactionTests.swift */; };
		1A4899B4CD4C9D3184DE6D45 /* NodeStatusBar.swift in Sources */ = {isa = PBXBuildFile; fileRef = D7E378D0D006F0FB2F6DEC15 /* NodeStatusBar.swift */; };
		1FD01BA37E823824E784F994 /* OctezConnectEndToEnd.swift in Sources */ = {isa = PBXBuildFile; fileRef = 201473B9B33FBAB2EAF7811B /* OctezConnectEndToEnd.swift */; };
		24BFD9B2163DAC152D8E54F2 /* OctezConnectStorage.swift in Sources */ = {isa = PBXBuildFile; fileRef = 431B3F62BFE0A8A65B9F194C /* OctezConnectStorage.swift */; };
		2642CCC0385340DBDBB000C6 /* IPFS.swift in Sources */ = {isa = PBXBuildFile; fileRef = 4D4B9106C1A9902CED9500D0 /* IPFS.swift */; };
		31F1DF6D5014FD3C0BB362B0 /* AddressTests.swift in Sources */ = {isa = PBXBuildFile; fileRef = CAA4DCC1C0CAF33159BE4D59 /* AddressTests.swift */; };
		352781EAEFD67868E1C159A5 /* NFTGridView.swift in Sources */ = {isa = PBXBuildFile; fileRef = 278776717D4BD5F05FF06B65 /* NFTGridView.swift */; };
		35314BD0A346AF35E1FD69A5 /* NFTTests.swift in Sources */ = {isa = PBXBuildFile; fileRef = A8C3E5BA111A78690461B8D9 /* NFTTests.swift */; };
		353C2A8477261BC9E54ED68A /* Address.swift in Sources */ = {isa = PBXBuildFile; fileRef = 0FC5AEA37DB0C4CC4A507E78 /* Address.swift */; };
		37B260A3EAD5C2E0004BF012 /* WalletDirectorySettings.swift in Sources */ = {isa = PBXBuildFile; fileRef = 4E10999773090115B0585AAE /* WalletDirectorySettings.swift */; };
		3AFF0D10060A8DBD9DA6D1CB /* AssetListView.swift in Sources */ = {isa = PBXBuildFile; fileRef = F8A34357B62DD38EF9E5AD05 /* AssetListView.swift */; };
		3B98C6A3453632B148FF3379 /* AvatarTests.swift in Sources */ = {isa = PBXBuildFile; fileRef = 809437E1132C36D982D2418B /* AvatarTests.swift */; };
		3FA928776966346A3F440200 /* DAppRequestSheet.swift in Sources */ = {isa = PBXBuildFile; fileRef = 9B7333B6F53BDA303AE19D83 /* DAppRequestSheet.swift */; };
		49007ED6467AA6F2D6205E8C /* QRCodeTests.swift in Sources */ = {isa = PBXBuildFile; fileRef = 822144910E1FB03FD7D270CA /* QRCodeTests.swift */; };
		4AED8C1726FA50A22393D834 /* NFT.swift in Sources */ = {isa = PBXBuildFile; fileRef = 8D36824F9FB49AF03A6D12F1 /* NFT.swift */; };
		4F54FA31553D267CCB65ED14 /* TezBalanceTests.swift in Sources */ = {isa = PBXBuildFile; fileRef = 615D6FE8AD0414A111187FBF /* TezBalanceTests.swift */; };
		549E4EA4DCDCD46B1447352D /* KeyGenerator.swift in Sources */ = {isa = PBXBuildFile; fileRef = 17CA0D84FD7F3A725FAF0B7C /* KeyGenerator.swift */; };
		58532C6573A1A3FB460EA85A /* AppStateStore.swift in Sources */ = {isa = PBXBuildFile; fileRef = CD834C06F49658A295BADA09 /* AppStateStore.swift */; };
		5988FB98D3C29FB3B442328B /* WalletBackupTests.swift in Sources */ = {isa = PBXBuildFile; fileRef = 507B55356D52C39CF790496A /* WalletBackupTests.swift */; };
		6FCF292C5B26254F635D7CF8 /* KeyGeneratorTests.swift in Sources */ = {isa = PBXBuildFile; fileRef = E1810F9AF003509FECD05CD5 /* KeyGeneratorTests.swift */; };
		78CE24F5EAB7F18B76FA8B5C /* TezosDomainsTests.swift in Sources */ = {isa = PBXBuildFile; fileRef = BCD68E3A641F1820CC655574 /* TezosDomainsTests.swift */; };
		7B96FA319FEEBEDB31EDBAE1 /* TezosClientStoreTests.swift in Sources */ = {isa = PBXBuildFile; fileRef = 3A237F56680C24625B031AEF /* TezosClientStoreTests.swift */; };
		883F4ADFF59858290E77FF20 /* CreateWalletSheet.swift in Sources */ = {isa = PBXBuildFile; fileRef = F999353F1C6082368B01FE9C /* CreateWalletSheet.swift */; };
		896C54EFB54D417EF6A58C50 /* MockChainService.swift in Sources */ = {isa = PBXBuildFile; fileRef = 926EF7412E238A0CC14FA791 /* MockChainService.swift */; };
		899D3FBBD2AB375399DCFD4E /* Network.swift in Sources */ = {isa = PBXBuildFile; fileRef = 445064DD790420A57A0362DD /* Network.swift */; };
		8D9405F75AAB8B8C0884DA0B /* AddressScheme.swift in Sources */ = {isa = PBXBuildFile; fileRef = FDEC38EDE514E7EC1A935DF1 /* AddressScheme.swift */; };
		8F09FED640570EB136F0362B /* ChainService.swift in Sources */ = {isa = PBXBuildFile; fileRef = C010E1B71F572FFBE46D1233 /* ChainService.swift */; };
		90193F86F97E3A6EFCF5D397 /* KeyMaterial.swift in Sources */ = {isa = PBXBuildFile; fileRef = 954497D4B4D19FB45CC12B96 /* KeyMaterial.swift */; };
		9384F5734C7FA30F1AAAF719 /* Wallet.swift in Sources */ = {isa = PBXBuildFile; fileRef = B83A465432E9E915B374F22E /* Wallet.swift */; };
		9515CEF511EC5DEA4872F494 /* FaucetSheet.swift in Sources */ = {isa = PBXBuildFile; fileRef = FC918EF9B0EDD54D21EB48C3 /* FaucetSheet.swift */; };
		9891BF967B4AE747AC6DEBCF /* TezosDomainsService.swift in Sources */ = {isa = PBXBuildFile; fileRef = 5FDC0BA7147DF838014CACF0 /* TezosDomainsService.swift */; };
		98CA8BD06801D00E1E259F42 /* ImageLoader.swift in Sources */ = {isa = PBXBuildFile; fileRef = 5C368DB40E25AA303DD76D49 /* ImageLoader.swift */; };
		9C76914707853D3D3BF484BF /* NetworkBadgeMenu.swift in Sources */ = {isa = PBXBuildFile; fileRef = F13F6EF9356E3F5DA0AA03F5 /* NetworkBadgeMenu.swift */; };
		9D832937DA172705C3CCB872 /* ConnectDAppSheet.swift in Sources */ = {isa = PBXBuildFile; fileRef = 53331E96FFD222A1898C7F83 /* ConnectDAppSheet.swift */; };
		A4C2D6AE665CA6309C22E732 /* TezosTransaction.swift in Sources */ = {isa = PBXBuildFile; fileRef = 9BB43BB3B884C40E4BF7D28D /* TezosTransaction.swift */; };
		A4EAD7B70EFB608697E679E5 /* NodeMonitorTests.swift in Sources */ = {isa = PBXBuildFile; fileRef = 49EBC889E951D255F516827F /* NodeMonitorTests.swift */; };
		A5A2409814B37E05C0876756 /* FaucetTests.swift in Sources */ = {isa = PBXBuildFile; fileRef = 05930E7B824730A8A1C63579 /* FaucetTests.swift */; };
		A739ED053C1344CED9AEB04E /* SendTests.swift in Sources */ = {isa = PBXBuildFile; fileRef = 088C8CA0ACEDD480A9684481 /* SendTests.swift */; };
		A888988B53D51769A9E2D113 /* TezosClientStore.swift in Sources */ = {isa = PBXBuildFile; fileRef = 741349B359248E0F53BDF375 /* TezosClientStore.swift */; };
		B5BE1D0DD354B4A0DE1911F9 /* Theme.swift in Sources */ = {isa = PBXBuildFile; fileRef = D9682C459E924F07DEF53FC3 /* Theme.swift */; };
		BB762E536DA58062274B723C /* TaquitoChainService.swift in Sources */ = {isa = PBXBuildFile; fileRef = 1DEA4BC564C40603E442A7FA /* TaquitoChainService.swift */; };
		BDFA98421807A07BCED1DAA8 /* TaquitoBridgeTests.swift in Sources */ = {isa = PBXBuildFile; fileRef = 728CF120E10F18FF3D27E655 /* TaquitoBridgeTests.swift */; };
		BEBA52C6B05825C81E3B0223 /* Assets.xcassets in Resources */ = {isa = PBXBuildFile; fileRef = DC8A76F85DE0CC08F85782C0 /* Assets.xcassets */; };
		C09D68D63C60BAC7529DD300 /* SendSheet.swift in Sources */ = {isa = PBXBuildFile; fileRef = 392C832007D3B6DE8AB37D22 /* SendSheet.swift */; };
		C0B1728E1DC77C41A2360C37 /* SignetApp.swift in Sources */ = {isa = PBXBuildFile; fileRef = 9B4B35923D2D6F06B90A2A49 /* SignetApp.swift */; };
		C1520149D8096C061FFD673F /* AddressBookTests.swift in Sources */ = {isa = PBXBuildFile; fileRef = 83072D0DF452B9C3626CC42E /* AddressBookTests.swift */; };
		C3AEE7B758748C0997C2FFDD /* Base58.swift in Sources */ = {isa = PBXBuildFile; fileRef = A8F7142388FBD9770414F6F0 /* Base58.swift */; };
		C4D72615EE6CDE9929FCAEA6 /* Transfer.swift in Sources */ = {isa = PBXBuildFile; fileRef = 059BEFFF9819257E3E6DE356 /* Transfer.swift */; };
		C93F2C006B5507539EE27B72 /* AccountNotOnChainView.swift in Sources */ = {isa = PBXBuildFile; fileRef = A08240C17DFA7DF7CFF28B46 /* AccountNotOnChainView.swift */; };
		C94B8B23BB3A0B92843414C5 /* AccountAvatarView.swift in Sources */ = {isa = PBXBuildFile; fileRef = 9B7EAC88691E2C2CC72CA41F /* AccountAvatarView.swift */; };
		CAACE4F7F93B951CEBA5DC00 /* AddAddressSheet.swift in Sources */ = {isa = PBXBuildFile; fileRef = 5BD932CF4FDC70FD16F70AD4 /* AddAddressSheet.swift */; };
		CB80BBF7F6376C6654FF32D6 /* WalletBackup.swift in Sources */ = {isa = PBXBuildFile; fileRef = D55C4D86A1145ACAF063447D /* WalletBackup.swift */; };
		D1119DFB6539DFF9B599B0CA /* WalletStore.swift in Sources */ = {isa = PBXBuildFile; fileRef = B8B591F4ED8860E9761BCAEC /* WalletStore.swift */; };
		D1E697F33E916872C42393AF /* TaquitoBridge.swift in Sources */ = {isa = PBXBuildFile; fileRef = F14BE215CE24A40FB22C3584 /* TaquitoBridge.swift */; };
		D5114AC1C526FA5C1E938482 /* OctezConnectPairingDiagnostic.swift in Sources */ = {isa = PBXBuildFile; fileRef = D4940D1568DFE4D95E4DAF1D /* OctezConnectPairingDiagnostic.swift */; };
		D64977C485264CB70239E5A6 /* TezClientStoreDirectoryTests.swift in Sources */ = {isa = PBXBuildFile; fileRef = 12061334BC624B52CD710148 /* TezClientStoreDirectoryTests.swift */; };
		D773B43372E1FBDED1176B97 /* DAppTests.swift in Sources */ = {isa = PBXBuildFile; fileRef = 3E46F73256A892AA7016BC04 /* DAppTests.swift */; };
		DC0AF9C711D8A8C05F021FB5 /* DAppConnectionManager.swift in Sources */ = {isa = PBXBuildFile; fileRef = E70E02FF7663B97A85CBD8A8 /* DAppConnectionManager.swift */; };
		DD999C456935284E5FC4DDFF /* NodeMonitor.swift in Sources */ = {isa = PBXBuildFile; fileRef = FD76C823B36485828A3E50A5 /* NodeMonitor.swift */; };
		DE6242C7123257F1E4BFA919 /* FaucetService.swift in Sources */ = {isa = PBXBuildFile; fileRef = 8EED1010B47F417371C6C455 /* FaucetService.swift */; };
		E0B4B740BCA28FECAB150A25 /* SettingsView.swift in Sources */ = {isa = PBXBuildFile; fileRef = BFC7070B3A5754283DA58F7D /* SettingsView.swift */; };
		E39FD7B69DFF8447FA398A56 /* SendViewModel.swift in Sources */ = {isa = PBXBuildFile; fileRef = 68A977FC2E863E73A21EF39F /* SendViewModel.swift */; };
		E428724605E404E9B227878E /* DAppRequest.swift in Sources */ = {isa = PBXBuildFile; fileRef = F940745F8842D7E206AB1B3D /* DAppRequest.swift */; };
		EFDB94E16FD6390A50E7CBE2 /* JSONValue.swift in Sources */ = {isa = PBXBuildFile; fileRef = 0B8A25CB62696FFB8F173814 /* JSONValue.swift */; };
		F0231794744CC54F6F39B989 /* taquito-bridge.js in Resources */ = {isa = PBXBuildFile; fileRef = FC442CD0DFDAD1EAF81FE3B8 /* taquito-bridge.js */; };
		F26C76D739108A6AA2B3ACC9 /* ReceiveSheet.swift in Sources */ = {isa = PBXBuildFile; fileRef = 525C79C726F273E9E3375452 /* ReceiveSheet.swift */; };
		F69C430DC456544A2DC19040 /* RenameWalletSheet.swift in Sources */ = {isa = PBXBuildFile; fileRef = 4D71F7B751EAD0CCE916B84E /* RenameWalletSheet.swift */; };
		F8A1236DC9F093F43745C925 /* DAppStartupTests.swift in Sources */ = {isa = PBXBuildFile; fileRef = 4FC5EC72CF05A4295B4E4DA2 /* DAppStartupTests.swift */; };
		F90384B120EBF0588BDE29CB /* PostQuantumSendTests.swift in Sources */ = {isa = PBXBuildFile; fileRef = A8A0D596353AD0772063881C /* PostQuantumSendTests.swift */; };
		FBAD05C8952CFBDAE7CA9B9C /* ActivityTabsView.swift in Sources */ = {isa = PBXBuildFile; fileRef = FA67AEB7C1F32578A7CBF62E /* ActivityTabsView.swift */; };
		FCD773F3D301A0DD69BD99EC /* Credits.rtf in Resources */ = {isa = PBXBuildFile; fileRef = C3A48078F3336DCF0514ED8D /* Credits.rtf */; };
		FDCC5A239632D223F09CE02A /* WalletHeaderView.swift in Sources */ = {isa = PBXBuildFile; fileRef = E66B745B7CB13559CE63D231 /* WalletHeaderView.swift */; };
/* End PBXBuildFile section */

/* Begin PBXContainerItemProxy section */
		8BE3DE692F75761E42BF99A8 /* PBXContainerItemProxy */ = {
			isa = PBXContainerItemProxy;
			containerPortal = 67554F7521F02DFA4AC9B904 /* Project object */;
			proxyType = 1;
			remoteGlobalIDString = 20A0A6CE7CD9B3C31B94B030;
			remoteInfo = Signet;
		};
/* End PBXContainerItemProxy section */

/* Begin PBXFileReference section */
		046B82438F96A071EF2BC434 /* Appearance.swift */ = {isa = PBXFileReference; lastKnownFileType = sourcecode.swift; path = Appearance.swift; sourceTree = "<group>"; };
		05930E7B824730A8A1C63579 /* FaucetTests.swift */ = {isa = PBXFileReference; lastKnownFileType = sourcecode.swift; path = FaucetTests.swift; sourceTree = "<group>"; };
		059BEFFF9819257E3E6DE356 /* Transfer.swift */ = {isa = PBXFileReference; lastKnownFileType = sourcecode.swift; path = Transfer.swift; sourceTree = "<group>"; };
		075C70E256C22BF792C133B6 /* WalletHomeView.swift */ = {isa = PBXFileReference; lastKnownFileType = sourcecode.swift; path = WalletHomeView.swift; sourceTree = "<group>"; };
		088C8CA0ACEDD480A9684481 /* SendTests.swift */ = {isa = PBXFileReference; lastKnownFileType = sourcecode.swift; path = SendTests.swift; sourceTree = "<group>"; };
		0B8A25CB62696FFB8F173814 /* JSONValue.swift */ = {isa = PBXFileReference; lastKnownFileType = sourcecode.swift; path = JSONValue.swift; sourceTree = "<group>"; };
		0FC5AEA37DB0C4CC4A507E78 /* Address.swift */ = {isa = PBXFileReference; lastKnownFileType = sourcecode.swift; path = Address.swift; sourceTree = "<group>"; };
		12061334BC624B52CD710148 /* TezClientStoreDirectoryTests.swift */ = {isa = PBXFileReference; lastKnownFileType = sourcecode.swift; path = TezClientStoreDirectoryTests.swift; sourceTree = "<group>"; };
		17CA0D84FD7F3A725FAF0B7C /* KeyGenerator.swift */ = {isa = PBXFileReference; lastKnownFileType = sourcecode.swift; path = KeyGenerator.swift; sourceTree = "<group>"; };
		1DEA4BC564C40603E442A7FA /* TaquitoChainService.swift */ = {isa = PBXFileReference; lastKnownFileType = sourcecode.swift; path = TaquitoChainService.swift; sourceTree = "<group>"; };
		201473B9B33FBAB2EAF7811B /* OctezConnectEndToEnd.swift */ = {isa = PBXFileReference; lastKnownFileType = sourcecode.swift; path = OctezConnectEndToEnd.swift; sourceTree = "<group>"; };
		26EB7BB81FBD6E133CC3E8B2 /* TzKTService.swift */ = {isa = PBXFileReference; lastKnownFileType = sourcecode.swift; path = TzKTService.swift; sourceTree = "<group>"; };
		278776717D4BD5F05FF06B65 /* NFTGridView.swift */ = {isa = PBXFileReference; lastKnownFileType = sourcecode.swift; path = NFTGridView.swift; sourceTree = "<group>"; };
		37D1A33134A80A7023ED60D8 /* ChainServiceTestSupport.swift */ = {isa = PBXFileReference; lastKnownFileType = sourcecode.swift; path = ChainServiceTestSupport.swift; sourceTree = "<group>"; };
		389A75014E3B2DEFD52F2274 /* Signet.entitlements */ = {isa = PBXFileReference; lastKnownFileType = text.plist.entitlements; path = Signet.entitlements; sourceTree = "<group>"; };
		392C832007D3B6DE8AB37D22 /* SendSheet.swift */ = {isa = PBXFileReference; lastKnownFileType = sourcecode.swift; path = SendSheet.swift; sourceTree = "<group>"; };
		3A237F56680C24625B031AEF /* TezosClientStoreTests.swift */ = {isa = PBXFileReference; lastKnownFileType = sourcecode.swift; path = TezosClientStoreTests.swift; sourceTree = "<group>"; };
		3E46F73256A892AA7016BC04 /* DAppTests.swift */ = {isa = PBXFileReference; lastKnownFileType = sourcecode.swift; path = DAppTests.swift; sourceTree = "<group>"; };
		431B3F62BFE0A8A65B9F194C /* OctezConnectStorage.swift */ = {isa = PBXFileReference; lastKnownFileType = sourcecode.swift; path = OctezConnectStorage.swift; sourceTree = "<group>"; };
		445064DD790420A57A0362DD /* Network.swift */ = {isa = PBXFileReference; lastKnownFileType = sourcecode.swift; path = Network.swift; sourceTree = "<group>"; };
		49EBC889E951D255F516827F /* NodeMonitorTests.swift */ = {isa = PBXFileReference; lastKnownFileType = sourcecode.swift; path = NodeMonitorTests.swift; sourceTree = "<group>"; };
		4AD2923CC5C89DA1FF23B263 /* TezBalance.swift */ = {isa = PBXFileReference; lastKnownFileType = sourcecode.swift; path = TezBalance.swift; sourceTree = "<group>"; };
		4B5133556944367214FA9041 /* SendSheet+Preview.swift */ = {isa = PBXFileReference; lastKnownFileType = sourcecode.swift; path = "SendSheet+Preview.swift"; sourceTree = "<group>"; };
		4D4B9106C1A9902CED9500D0 /* IPFS.swift */ = {isa = PBXFileReference; lastKnownFileType = sourcecode.swift; path = IPFS.swift; sourceTree = "<group>"; };
		4D71F7B751EAD0CCE916B84E /* RenameWalletSheet.swift */ = {isa = PBXFileReference; lastKnownFileType = sourcecode.swift; path = RenameWalletSheet.swift; sourceTree = "<group>"; };
		4E10999773090115B0585AAE /* WalletDirectorySettings.swift */ = {isa = PBXFileReference; lastKnownFileType = sourcecode.swift; path = WalletDirectorySettings.swift; sourceTree = "<group>"; };
		4F69782E8214F5E7A8AFD15F /* Profiles.swift */ = {isa = PBXFileReference; lastKnownFileType = sourcecode.swift; path = Profiles.swift; sourceTree = "<group>"; };
		4FC5EC72CF05A4295B4E4DA2 /* DAppStartupTests.swift */ = {isa = PBXFileReference; lastKnownFileType = sourcecode.swift; path = DAppStartupTests.swift; sourceTree = "<group>"; };
		507B55356D52C39CF790496A /* WalletBackupTests.swift */ = {isa = PBXFileReference; lastKnownFileType = sourcecode.swift; path = WalletBackupTests.swift; sourceTree = "<group>"; };
		525C79C726F273E9E3375452 /* ReceiveSheet.swift */ = {isa = PBXFileReference; lastKnownFileType = sourcecode.swift; path = ReceiveSheet.swift; sourceTree = "<group>"; };
		52C145BB526DC161273EB9F7 /* Info.plist */ = {isa = PBXFileReference; lastKnownFileType = text.plist; path = Info.plist; sourceTree = "<group>"; };
		53331E96FFD222A1898C7F83 /* ConnectDAppSheet.swift */ = {isa = PBXFileReference; lastKnownFileType = sourcecode.swift; path = ConnectDAppSheet.swift; sourceTree = "<group>"; };
		558CDF12CE81034B95FF02F4 /* SignetTests.xctest */ = {isa = PBXFileReference; explicitFileType = wrapper.cfbundle; includeInIndex = 0; path = SignetTests.xctest; sourceTree = BUILT_PRODUCTS_DIR; };
		5BD932CF4FDC70FD16F70AD4 /* AddAddressSheet.swift */ = {isa = PBXFileReference; lastKnownFileType = sourcecode.swift; path = AddAddressSheet.swift; sourceTree = "<group>"; };
		5C368DB40E25AA303DD76D49 /* ImageLoader.swift */ = {isa = PBXFileReference; lastKnownFileType = sourcecode.swift; path = ImageLoader.swift; sourceTree = "<group>"; };
		5FDC0BA7147DF838014CACF0 /* TezosDomainsService.swift */ = {isa = PBXFileReference; lastKnownFileType = sourcecode.swift; path = TezosDomainsService.swift; sourceTree = "<group>"; };
		615D6FE8AD0414A111187FBF /* TezBalanceTests.swift */ = {isa = PBXFileReference; lastKnownFileType = sourcecode.swift; path = TezBalanceTests.swift; sourceTree = "<group>"; };
		68A977FC2E863E73A21EF39F /* SendViewModel.swift */ = {isa = PBXFileReference; lastKnownFileType = sourcecode.swift; path = SendViewModel.swift; sourceTree = "<group>"; };
		728CF120E10F18FF3D27E655 /* TaquitoBridgeTests.swift */ = {isa = PBXFileReference; lastKnownFileType = sourcecode.swift; path = TaquitoBridgeTests.swift; sourceTree = "<group>"; };
		741349B359248E0F53BDF375 /* TezosClientStore.swift */ = {isa = PBXFileReference; lastKnownFileType = sourcecode.swift; path = TezosClientStore.swift; sourceTree = "<group>"; };
		766EF1D905BA708A70AD1DC1 /* EncryptedKeyTests.swift */ = {isa = PBXFileReference; lastKnownFileType = sourcecode.swift; path = EncryptedKeyTests.swift; sourceTree = "<group>"; };
		79F498AB6E54AD10BF1747A6 /* TransactionTests.swift */ = {isa = PBXFileReference; lastKnownFileType = sourcecode.swift; path = TransactionTests.swift; sourceTree = "<group>"; };
		809437E1132C36D982D2418B /* AvatarTests.swift */ = {isa = PBXFileReference; lastKnownFileType = sourcecode.swift; path = AvatarTests.swift; sourceTree = "<group>"; };
		80E99E461133439B04A22C8A /* Signet.app */ = {isa = PBXFileReference; explicitFileType = wrapper.application; includeInIndex = 0; path = Signet.app; sourceTree = BUILT_PRODUCTS_DIR; };
		822144910E1FB03FD7D270CA /* QRCodeTests.swift */ = {isa = PBXFileReference; lastKnownFileType = sourcecode.swift; path = QRCodeTests.swift; sourceTree = "<group>"; };
		82891C504DD66214B765AF83 /* AssetBalance.swift */ = {isa = PBXFileReference; lastKnownFileType = sourcecode.swift; path = AssetBalance.swift; sourceTree = "<group>"; };
		83072D0DF452B9C3626CC42E /* AddressBookTests.swift */ = {isa = PBXFileReference; lastKnownFileType = sourcecode.swift; path = AddressBookTests.swift; sourceTree = "<group>"; };
		8D36824F9FB49AF03A6D12F1 /* NFT.swift */ = {isa = PBXFileReference; lastKnownFileType = sourcecode.swift; path = NFT.swift; sourceTree = "<group>"; };
		8EED1010B47F417371C6C455 /* FaucetService.swift */ = {isa = PBXFileReference; lastKnownFileType = sourcecode.swift; path = FaucetService.swift; sourceTree = "<group>"; };
		926EF7412E238A0CC14FA791 /* MockChainService.swift */ = {isa = PBXFileReference; lastKnownFileType = sourcecode.swift; path = MockChainService.swift; sourceTree = "<group>"; };
		954497D4B4D19FB45CC12B96 /* KeyMaterial.swift */ = {isa = PBXFileReference; lastKnownFileType = sourcecode.swift; path = KeyMaterial.swift; sourceTree = "<group>"; };
		9B4B35923D2D6F06B90A2A49 /* SignetApp.swift */ = {isa = PBXFileReference; lastKnownFileType = sourcecode.swift; path = SignetApp.swift; sourceTree = "<group>"; };
		9B7333B6F53BDA303AE19D83 /* DAppRequestSheet.swift */ = {isa = PBXFileReference; lastKnownFileType = sourcecode.swift; path = DAppRequestSheet.swift; sourceTree = "<group>"; };
		9B7EAC88691E2C2CC72CA41F /* AccountAvatarView.swift */ = {isa = PBXFileReference; lastKnownFileType = sourcecode.swift; path = AccountAvatarView.swift; sourceTree = "<group>"; };
		9BB43BB3B884C40E4BF7D28D /* TezosTransaction.swift */ = {isa = PBXFileReference; lastKnownFileType = sourcecode.swift; path = TezosTransaction.swift; sourceTree = "<group>"; };
		A08240C17DFA7DF7CFF28B46 /* AccountNotOnChainView.swift */ = {isa = PBXFileReference; lastKnownFileType = sourcecode.swift; path = AccountNotOnChainView.swift; sourceTree = "<group>"; };
		A10DBE16F18BCE91ECEC7739 /* QRCode.swift */ = {isa = PBXFileReference; lastKnownFileType = sourcecode.swift; path = QRCode.swift; sourceTree = "<group>"; };
		A8A0D596353AD0772063881C /* PostQuantumSendTests.swift */ = {isa = PBXFileReference; lastKnownFileType = sourcecode.swift; path = PostQuantumSendTests.swift; sourceTree = "<group>"; };
		A8C3E5BA111A78690461B8D9 /* NFTTests.swift */ = {isa = PBXFileReference; lastKnownFileType = sourcecode.swift; path = NFTTests.swift; sourceTree = "<group>"; };
		A8F7142388FBD9770414F6F0 /* Base58.swift */ = {isa = PBXFileReference; lastKnownFileType = sourcecode.swift; path = Base58.swift; sourceTree = "<group>"; };
		B5E264E393D7C759C2774CF1 /* WalletViewModel.swift */ = {isa = PBXFileReference; lastKnownFileType = sourcecode.swift; path = WalletViewModel.swift; sourceTree = "<group>"; };
		B83A465432E9E915B374F22E /* Wallet.swift */ = {isa = PBXFileReference; lastKnownFileType = sourcecode.swift; path = Wallet.swift; sourceTree = "<group>"; };
		B8B591F4ED8860E9761BCAEC /* WalletStore.swift */ = {isa = PBXFileReference; lastKnownFileType = sourcecode.swift; path = WalletStore.swift; sourceTree = "<group>"; };
		BBD13470629CB6326F0858BB /* BridgeConsoleTests.swift */ = {isa = PBXFileReference; lastKnownFileType = sourcecode.swift; path = BridgeConsoleTests.swift; sourceTree = "<group>"; };
		BCD68E3A641F1820CC655574 /* TezosDomainsTests.swift */ = {isa = PBXFileReference; lastKnownFileType = sourcecode.swift; path = TezosDomainsTests.swift; sourceTree = "<group>"; };
		BFC7070B3A5754283DA58F7D /* SettingsView.swift */ = {isa = PBXFileReference; lastKnownFileType = sourcecode.swift; path = SettingsView.swift; sourceTree = "<group>"; };
		C010E1B71F572FFBE46D1233 /* ChainService.swift */ = {isa = PBXFileReference; lastKnownFileType = sourcecode.swift; path = ChainService.swift; sourceTree = "<group>"; };
		C3A48078F3336DCF0514ED8D /* Credits.rtf */ = {isa = PBXFileReference; lastKnownFileType = text.rtf; path = Credits.rtf; sourceTree = "<group>"; };
		CAA4DCC1C0CAF33159BE4D59 /* AddressTests.swift */ = {isa = PBXFileReference; lastKnownFileType = sourcecode.swift; path = AddressTests.swift; sourceTree = "<group>"; };
		CD834C06F49658A295BADA09 /* AppStateStore.swift */ = {isa = PBXFileReference; lastKnownFileType = sourcecode.swift; path = AppStateStore.swift; sourceTree = "<group>"; };
		D4940D1568DFE4D95E4DAF1D /* OctezConnectPairingDiagnostic.swift */ = {isa = PBXFileReference; lastKnownFileType = sourcecode.swift; path = OctezConnectPairingDiagnostic.swift; sourceTree = "<group>"; };
		D55C4D86A1145ACAF063447D /* WalletBackup.swift */ = {isa = PBXFileReference; lastKnownFileType = sourcecode.swift; path = WalletBackup.swift; sourceTree = "<group>"; };
		D7E378D0D006F0FB2F6DEC15 /* NodeStatusBar.swift */ = {isa = PBXFileReference; lastKnownFileType = sourcecode.swift; path = NodeStatusBar.swift; sourceTree = "<group>"; };
		D9682C459E924F07DEF53FC3 /* Theme.swift */ = {isa = PBXFileReference; lastKnownFileType = sourcecode.swift; path = Theme.swift; sourceTree = "<group>"; };
		DC8A76F85DE0CC08F85782C0 /* Assets.xcassets */ = {isa = PBXFileReference; lastKnownFileType = folder.assetcatalog; path = Assets.xcassets; sourceTree = "<group>"; };
		E1810F9AF003509FECD05CD5 /* KeyGeneratorTests.swift */ = {isa = PBXFileReference; lastKnownFileType = sourcecode.swift; path = KeyGeneratorTests.swift; sourceTree = "<group>"; };
		E66B745B7CB13559CE63D231 /* WalletHeaderView.swift */ = {isa = PBXFileReference; lastKnownFileType = sourcecode.swift; path = WalletHeaderView.swift; sourceTree = "<group>"; };
		E70E02FF7663B97A85CBD8A8 /* DAppConnectionManager.swift */ = {isa = PBXFileReference; lastKnownFileType = sourcecode.swift; path = DAppConnectionManager.swift; sourceTree = "<group>"; };
		F13F6EF9356E3F5DA0AA03F5 /* NetworkBadgeMenu.swift */ = {isa = PBXFileReference; lastKnownFileType = sourcecode.swift; path = NetworkBadgeMenu.swift; sourceTree = "<group>"; };
		F14BE215CE24A40FB22C3584 /* TaquitoBridge.swift */ = {isa = PBXFileReference; lastKnownFileType = sourcecode.swift; path = TaquitoBridge.swift; sourceTree = "<group>"; };
		F8A34357B62DD38EF9E5AD05 /* AssetListView.swift */ = {isa = PBXFileReference; lastKnownFileType = sourcecode.swift; path = AssetListView.swift; sourceTree = "<group>"; };
		F940745F8842D7E206AB1B3D /* DAppRequest.swift */ = {isa = PBXFileReference; lastKnownFileType = sourcecode.swift; path = DAppRequest.swift; sourceTree = "<group>"; };
		F999353F1C6082368B01FE9C /* CreateWalletSheet.swift */ = {isa = PBXFileReference; lastKnownFileType = sourcecode.swift; path = CreateWalletSheet.swift; sourceTree = "<group>"; };
		FA67AEB7C1F32578A7CBF62E /* ActivityTabsView.swift */ = {isa = PBXFileReference; lastKnownFileType = sourcecode.swift; path = ActivityTabsView.swift; sourceTree = "<group>"; };
		FB238C502C752F4198363525 /* ActionButtonsView.swift */ = {isa = PBXFileReference; lastKnownFileType = sourcecode.swift; path = ActionButtonsView.swift; sourceTree = "<group>"; };
		FC442CD0DFDAD1EAF81FE3B8 /* taquito-bridge.js */ = {isa = PBXFileReference; lastKnownFileType = sourcecode.javascript; path = "taquito-bridge.js"; sourceTree = "<group>"; };
		FC918EF9B0EDD54D21EB48C3 /* FaucetSheet.swift */ = {isa = PBXFileReference; lastKnownFileType = sourcecode.swift; path = FaucetSheet.swift; sourceTree = "<group>"; };
		FD76C823B36485828A3E50A5 /* NodeMonitor.swift */ = {isa = PBXFileReference; lastKnownFileType = sourcecode.swift; path = NodeMonitor.swift; sourceTree = "<group>"; };
		FDEC38EDE514E7EC1A935DF1 /* AddressScheme.swift */ = {isa = PBXFileReference; lastKnownFileType = sourcecode.swift; path = AddressScheme.swift; sourceTree = "<group>"; };
/* End PBXFileReference section */

/* Begin PBXGroup section */
		007C04DA9CCA7D5369849DE3 /* Views */ = {
			isa = PBXGroup;
			children = (
				9B7EAC88691E2C2CC72CA41F /* AccountAvatarView.swift */,
				A08240C17DFA7DF7CFF28B46 /* AccountNotOnChainView.swift */,
				FB238C502C752F4198363525 /* ActionButtonsView.swift */,
				FA67AEB7C1F32578A7CBF62E /* ActivityTabsView.swift */,
				5BD932CF4FDC70FD16F70AD4 /* AddAddressSheet.swift */,
				F8A34357B62DD38EF9E5AD05 /* AssetListView.swift */,
				53331E96FFD222A1898C7F83 /* ConnectDAppSheet.swift */,
				F999353F1C6082368B01FE9C /* CreateWalletSheet.swift */,
				9B7333B6F53BDA303AE19D83 /* DAppRequestSheet.swift */,
				FC918EF9B0EDD54D21EB48C3 /* FaucetSheet.swift */,
				F13F6EF9356E3F5DA0AA03F5 /* NetworkBadgeMenu.swift */,
				278776717D4BD5F05FF06B65 /* NFTGridView.swift */,
				D7E378D0D006F0FB2F6DEC15 /* NodeStatusBar.swift */,
				525C79C726F273E9E3375452 /* ReceiveSheet.swift */,
				4D71F7B751EAD0CCE916B84E /* RenameWalletSheet.swift */,
				392C832007D3B6DE8AB37D22 /* SendSheet.swift */,
				4B5133556944367214FA9041 /* SendSheet+Preview.swift */,
				BFC7070B3A5754283DA58F7D /* SettingsView.swift */,
				D9682C459E924F07DEF53FC3 /* Theme.swift */,
				E66B745B7CB13559CE63D231 /* WalletHeaderView.swift */,
				075C70E256C22BF792C133B6 /* WalletHomeView.swift */,
			);
			path = Views;
			sourceTree = "<group>";
		};
		1CFDE713252FD3D3FD5C800A /* Models */ = {
			isa = PBXGroup;
			children = (
				0FC5AEA37DB0C4CC4A507E78 /* Address.swift */,
				FDEC38EDE514E7EC1A935DF1 /* AddressScheme.swift */,
				82891C504DD66214B765AF83 /* AssetBalance.swift */,
				A8F7142388FBD9770414F6F0 /* Base58.swift */,
				F940745F8842D7E206AB1B3D /* DAppRequest.swift */,
				954497D4B4D19FB45CC12B96 /* KeyMaterial.swift */,
				445064DD790420A57A0362DD /* Network.swift */,
				8D36824F9FB49AF03A6D12F1 /* NFT.swift */,
				4AD2923CC5C89DA1FF23B263 /* TezBalance.swift */,
				9BB43BB3B884C40E4BF7D28D /* TezosTransaction.swift */,
				059BEFFF9819257E3E6DE356 /* Transfer.swift */,
				B83A465432E9E915B374F22E /* Wallet.swift */,
			);
			path = Models;
			sourceTree = "<group>";
		};
		34E38B8CD3E85C79D0DDE13D = {
			isa = PBXGroup;
			children = (
				BA857D8DBB8898C281739BD6 /* Signet */,
				50021F037ECE27D2FB40FF16 /* SignetTests */,
				F2367709A2DDF62BDA536E06 /* Products */,
			);
			sourceTree = "<group>";
		};
		50021F037ECE27D2FB40FF16 /* SignetTests */ = {
			isa = PBXGroup;
			children = (
				83072D0DF452B9C3626CC42E /* AddressBookTests.swift */,
				CAA4DCC1C0CAF33159BE4D59 /* AddressTests.swift */,
				809437E1132C36D982D2418B /* AvatarTests.swift */,
				BBD13470629CB6326F0858BB /* BridgeConsoleTests.swift */,
				37D1A33134A80A7023ED60D8 /* ChainServiceTestSupport.swift */,
				4FC5EC72CF05A4295B4E4DA2 /* DAppStartupTests.swift */,
				3E46F73256A892AA7016BC04 /* DAppTests.swift */,
				766EF1D905BA708A70AD1DC1 /* EncryptedKeyTests.swift */,
				05930E7B824730A8A1C63579 /* FaucetTests.swift */,
				E1810F9AF003509FECD05CD5 /* KeyGeneratorTests.swift */,
				A8C3E5BA111A78690461B8D9 /* NFTTests.swift */,
				49EBC889E951D255F516827F /* NodeMonitorTests.swift */,
				201473B9B33FBAB2EAF7811B /* OctezConnectEndToEnd.swift */,
				D4940D1568DFE4D95E4DAF1D /* OctezConnectPairingDiagnostic.swift */,
				A8A0D596353AD0772063881C /* PostQuantumSendTests.swift */,
				822144910E1FB03FD7D270CA /* QRCodeTests.swift */,
				088C8CA0ACEDD480A9684481 /* SendTests.swift */,
				728CF120E10F18FF3D27E655 /* TaquitoBridgeTests.swift */,
				615D6FE8AD0414A111187FBF /* TezBalanceTests.swift */,
				12061334BC624B52CD710148 /* TezClientStoreDirectoryTests.swift */,
				3A237F56680C24625B031AEF /* TezosClientStoreTests.swift */,
				BCD68E3A641F1820CC655574 /* TezosDomainsTests.swift */,
				79F498AB6E54AD10BF1747A6 /* TransactionTests.swift */,
				507B55356D52C39CF790496A /* WalletBackupTests.swift */,
			);
			path = SignetTests;
			sourceTree = "<group>";
		};
		58A5683662DA0C6A652B07D2 /* Resources */ = {
			isa = PBXGroup;
			children = (
				DC8A76F85DE0CC08F85782C0 /* Assets.xcassets */,
				C3A48078F3336DCF0514ED8D /* Credits.rtf */,
				FC442CD0DFDAD1EAF81FE3B8 /* taquito-bridge.js */,
			);
			path = Resources;
			sourceTree = "<group>";
		};
		BA857D8DBB8898C281739BD6 /* Signet */ = {
			isa = PBXGroup;
			children = (
				52C145BB526DC161273EB9F7 /* Info.plist */,
				389A75014E3B2DEFD52F2274 /* Signet.entitlements */,
				9B4B35923D2D6F06B90A2A49 /* SignetApp.swift */,
				1CFDE713252FD3D3FD5C800A /* Models */,
				58A5683662DA0C6A652B07D2 /* Resources */,
				C0376BE86D00E92CD14CD922 /* Services */,
				CE3C6FEB2FB3E37BB278363A /* ViewModels */,
				007C04DA9CCA7D5369849DE3 /* Views */,
			);
			path = Signet;
			sourceTree = "<group>";
		};
		C0376BE86D00E92CD14CD922 /* Services */ = {
			isa = PBXGroup;
			children = (
				046B82438F96A071EF2BC434 /* Appearance.swift */,
				CD834C06F49658A295BADA09 /* AppStateStore.swift */,
				C010E1B71F572FFBE46D1233 /* ChainService.swift */,
				E70E02FF7663B97A85CBD8A8 /* DAppConnectionManager.swift */,
				8EED1010B47F417371C6C455 /* FaucetService.swift */,
				5C368DB40E25AA303DD76D49 /* ImageLoader.swift */,
				4D4B9106C1A9902CED9500D0 /* IPFS.swift */,
				0B8A25CB62696FFB8F173814 /* JSONValue.swift */,
				17CA0D84FD7F3A725FAF0B7C /* KeyGenerator.swift */,
				926EF7412E238A0CC14FA791 /* MockChainService.swift */,
				FD76C823B36485828A3E50A5 /* NodeMonitor.swift */,
				431B3F62BFE0A8A65B9F194C /* OctezConnectStorage.swift */,
				4F69782E8214F5E7A8AFD15F /* Profiles.swift */,
				A10DBE16F18BCE91ECEC7739 /* QRCode.swift */,
				F14BE215CE24A40FB22C3584 /* TaquitoBridge.swift */,
				1DEA4BC564C40603E442A7FA /* TaquitoChainService.swift */,
				741349B359248E0F53BDF375 /* TezosClientStore.swift */,
				5FDC0BA7147DF838014CACF0 /* TezosDomainsService.swift */,
				26EB7BB81FBD6E133CC3E8B2 /* TzKTService.swift */,
				D55C4D86A1145ACAF063447D /* WalletBackup.swift */,
				4E10999773090115B0585AAE /* WalletDirectorySettings.swift */,
				B8B591F4ED8860E9761BCAEC /* WalletStore.swift */,
			);
			path = Services;
			sourceTree = "<group>";
		};
		CE3C6FEB2FB3E37BB278363A /* ViewModels */ = {
			isa = PBXGroup;
			children = (
				68A977FC2E863E73A21EF39F /* SendViewModel.swift */,
				B5E264E393D7C759C2774CF1 /* WalletViewModel.swift */,
			);
			path = ViewModels;
			sourceTree = "<group>";
		};
		F2367709A2DDF62BDA536E06 /* Products */ = {
			isa = PBXGroup;
			children = (
				80E99E461133439B04A22C8A /* Signet.app */,
				558CDF12CE81034B95FF02F4 /* SignetTests.xctest */,
			);
			name = Products;
			sourceTree = "<group>";
		};
/* End PBXGroup section */

/* Begin PBXNativeTarget section */
		20A0A6CE7CD9B3C31B94B030 /* Signet */ = {
			isa = PBXNativeTarget;
			buildConfigurationList = 551EE9AECEE4C818E112F0C8 /* Build configuration list for PBXNativeTarget "Signet" */;
			buildPhases = (
				BCED166A0793B1D1FDBBD914 /* Sources */,
				35B4CDAE10B40980393C0FB3 /* Resources */,
				5136BC79A1CBDB3E646973A2 /* Stamp version from git */,
			);
			buildRules = (
			);
			dependencies = (
			);
			name = Signet;
			packageProductDependencies = (
			);
			productName = Signet;
			productReference = 80E99E461133439B04A22C8A /* Signet.app */;
			productType = "com.apple.product-type.application";
		};
		31991C13D9C4FB1CFD57E0C2 /* SignetTests */ = {
			isa = PBXNativeTarget;
			buildConfigurationList = 9AED97E22DAAEF52201E9194 /* Build configuration list for PBXNativeTarget "SignetTests" */;
			buildPhases = (
				F4726522E578362FE9F6DE22 /* Sources */,
			);
			buildRules = (
			);
			dependencies = (
				70063DDD4DB8F2BC672E82DF /* PBXTargetDependency */,
			);
			name = SignetTests;
			packageProductDependencies = (
			);
			productName = SignetTests;
			productReference = 558CDF12CE81034B95FF02F4 /* SignetTests.xctest */;
			productType = "com.apple.product-type.bundle.unit-test";
		};
/* End PBXNativeTarget section */

/* Begin PBXProject section */
		67554F7521F02DFA4AC9B904 /* Project object */ = {
			isa = PBXProject;
			attributes = {
				BuildIndependentTargetsInParallel = YES;
				LastUpgradeCheck = 2700;
				TargetAttributes = {
					20A0A6CE7CD9B3C31B94B030 = {
						ProvisioningStyle = Automatic;
					};
					31991C13D9C4FB1CFD57E0C2 = {
						ProvisioningStyle = Automatic;
					};
				};
			};
			buildConfigurationList = 1F085F61B1F984A947AAC73A /* Build configuration list for PBXProject "Signet" */;
			developmentRegion = en;
			hasScannedForEncodings = 0;
			knownRegions = (
				Base,
				en,
			);
			mainGroup = 34E38B8CD3E85C79D0DDE13D;
			minimizedProjectReferenceProxies = 1;
			preferredProjectObjectVersion = 77;
			productRefGroup = F2367709A2DDF62BDA536E06 /* Products */;
			projectDirPath = "";
			projectRoot = "";
			targets = (
				20A0A6CE7CD9B3C31B94B030 /* Signet */,
				31991C13D9C4FB1CFD57E0C2 /* SignetTests */,
			);
		};
/* End PBXProject section */

/* Begin PBXResourcesBuildPhase section */
		35B4CDAE10B40980393C0FB3 /* Resources */ = {
			isa = PBXResourcesBuildPhase;
			buildActionMask = 2147483647;
			files = (
				BEBA52C6B05825C81E3B0223 /* Assets.xcassets in Resources */,
				FCD773F3D301A0DD69BD99EC /* Credits.rtf in Resources */,
				F0231794744CC54F6F39B989 /* taquito-bridge.js in Resources */,
			);
			runOnlyForDeploymentPostprocessing = 0;
		};
/* End PBXResourcesBuildPhase section */

/* Begin PBXShellScriptBuildPhase section */
		5136BC79A1CBDB3E646973A2 /* Stamp version from git */ = {
			isa = PBXShellScriptBuildPhase;
			alwaysOutOfDate = 1;
			buildActionMask = 2147483647;
			files = (
			);
			inputFileListPaths = (
			);
			inputPaths = (
			);
			name = "Stamp version from git";
			outputFileListPaths = (
			);
			outputPaths = (
			);
			runOnlyForDeploymentPostprocessing = 0;
			shellPath = /bin/sh;
			shellScript = "#!/bin/sh\n# Xcode post-build phase: stamp the built Info.plist with the version from git.\n#   CFBundleShortVersionString = git describe --tags, without the leading \"v\"\n#                                (e.g. 0.2 on the tag, 0.2-3-g58b56be three commits later, \"-dirty\" if uncommitted)\n#   CFBundleVersion            = number of commits on this branch (monotonic build number)\n# Falls back to whatever the project set when git is unavailable (e.g. building from a tarball).\nset -eu\nPLIST=\"${TARGET_BUILD_DIR}/${INFOPLIST_PATH}\"\n[ -f \"$PLIST\" ] || exit 0\nif ! git -C \"$SRCROOT\" rev-parse --git-dir >/dev/null 2>&1; then\n  echo \"note: not a git checkout; leaving version as configured\"\n  exit 0\nfi\nVERSION=\"$(git -C \"$SRCROOT\" describe --tags --always --dirty 2>/dev/null | sed 's/^v//')\"\nBUILD=\"$(git -C \"$SRCROOT\" rev-list --count HEAD 2>/dev/null || echo 1)\"\n/usr/libexec/PlistBuddy -c \"Set :CFBundleShortVersionString $VERSION\" \"$PLIST\"\n/usr/libexec/PlistBuddy -c \"Set :CFBundleVersion $BUILD\" \"$PLIST\"\necho \"Stamped Signet $VERSION (build $BUILD)\"\n";
		};
/* End PBXShellScriptBuildPhase section */

/* Begin PBXSourcesBuildPhase section */
		BCED166A0793B1D1FDBBD914 /* Sources */ = {
			isa = PBXSourcesBuildPhase;
			buildActionMask = 2147483647;
			files = (
				C94B8B23BB3A0B92843414C5 /* AccountAvatarView.swift in Sources */,
				C93F2C006B5507539EE27B72 /* AccountNotOnChainView.swift in Sources */,
				10516DDFD3C74F49D141E4A6 /* ActionButtonsView.swift in Sources */,
				FBAD05C8952CFBDAE7CA9B9C /* ActivityTabsView.swift in Sources */,
				CAACE4F7F93B951CEBA5DC00 /* AddAddressSheet.swift in Sources */,
				353C2A8477261BC9E54ED68A /* Address.swift in Sources */,
				8D9405F75AAB8B8C0884DA0B /* AddressScheme.swift in Sources */,
				58532C6573A1A3FB460EA85A /* AppStateStore.swift in Sources */,
				07D7E4480040CCD4175347AC /* Appearance.swift in Sources */,
				13354E2B7B8C14D263838D0A /* AssetBalance.swift in Sources */,
				3AFF0D10060A8DBD9DA6D1CB /* AssetListView.swift in Sources */,
				C3AEE7B758748C0997C2FFDD /* Base58.swift in Sources */,
				8F09FED640570EB136F0362B /* ChainService.swift in Sources */,
				9D832937DA172705C3CCB872 /* ConnectDAppSheet.swift in Sources */,
				883F4ADFF59858290E77FF20 /* CreateWalletSheet.swift in Sources */,
				DC0AF9C711D8A8C05F021FB5 /* DAppConnectionManager.swift in Sources */,
				E428724605E404E9B227878E /* DAppRequest.swift in Sources */,
				3FA928776966346A3F440200 /* DAppRequestSheet.swift in Sources */,
				DE6242C7123257F1E4BFA919 /* FaucetService.swift in Sources */,
				9515CEF511EC5DEA4872F494 /* FaucetSheet.swift in Sources */,
				2642CCC0385340DBDBB000C6 /* IPFS.swift in Sources */,
				98CA8BD06801D00E1E259F42 /* ImageLoader.swift in Sources */,
				EFDB94E16FD6390A50E7CBE2 /* JSONValue.swift in Sources */,
				549E4EA4DCDCD46B1447352D /* KeyGenerator.swift in Sources */,
				90193F86F97E3A6EFCF5D397 /* KeyMaterial.swift in Sources */,
				896C54EFB54D417EF6A58C50 /* MockChainService.swift in Sources */,
				4AED8C1726FA50A22393D834 /* NFT.swift in Sources */,
				352781EAEFD67868E1C159A5 /* NFTGridView.swift in Sources */,
				899D3FBBD2AB375399DCFD4E /* Network.swift in Sources */,
				9C76914707853D3D3BF484BF /* NetworkBadgeMenu.swift in Sources */,
				DD999C456935284E5FC4DDFF /* NodeMonitor.swift in Sources */,
				1A4899B4CD4C9D3184DE6D45 /* NodeStatusBar.swift in Sources */,
				24BFD9B2163DAC152D8E54F2 /* OctezConnectStorage.swift in Sources */,
				15FF63E596D6B4BF37C12288 /* Profiles.swift in Sources */,
				0535E8D871DA72D6F3E22641 /* QRCode.swift in Sources */,
				F26C76D739108A6AA2B3ACC9 /* ReceiveSheet.swift in Sources */,
				F69C430DC456544A2DC19040 /* RenameWalletSheet.swift in Sources */,
				15B6085B392A57A2CF3BC9F9 /* SendSheet+Preview.swift in Sources */,
				C09D68D63C60BAC7529DD300 /* SendSheet.swift in Sources */,
				E39FD7B69DFF8447FA398A56 /* SendViewModel.swift in Sources */,
				E0B4B740BCA28FECAB150A25 /* SettingsView.swift in Sources */,
				C0B1728E1DC77C41A2360C37 /* SignetApp.swift in Sources */,
				D1E697F33E916872C42393AF /* TaquitoBridge.swift in Sources */,
				BB762E536DA58062274B723C /* TaquitoChainService.swift in Sources */,
				00F1F3768E7484CAD8FEA5BB /* TezBalance.swift in Sources */,
				A888988B53D51769A9E2D113 /* TezosClientStore.swift in Sources */,
				9891BF967B4AE747AC6DEBCF /* TezosDomainsService.swift in Sources */,
				A4C2D6AE665CA6309C22E732 /* TezosTransaction.swift in Sources */,
				B5BE1D0DD354B4A0DE1911F9 /* Theme.swift in Sources */,
				C4D72615EE6CDE9929FCAEA6 /* Transfer.swift in Sources */,
				07EF5A22F9510DA8E3633808 /* TzKTService.swift in Sources */,
				9384F5734C7FA30F1AAAF719 /* Wallet.swift in Sources */,
				CB80BBF7F6376C6654FF32D6 /* WalletBackup.swift in Sources */,
				37B260A3EAD5C2E0004BF012 /* WalletDirectorySettings.swift in Sources */,
				FDCC5A239632D223F09CE02A /* WalletHeaderView.swift in Sources */,
				187F8A19861109D189ACEEA7 /* WalletHomeView.swift in Sources */,
				D1119DFB6539DFF9B599B0CA /* WalletStore.swift in Sources */,
				085B233AC77880DCA51C819A /* WalletViewModel.swift in Sources */,
			);
			runOnlyForDeploymentPostprocessing = 0;
		};
		F4726522E578362FE9F6DE22 /* Sources */ = {
			isa = PBXSourcesBuildPhase;
			buildActionMask = 2147483647;
			files = (
				C1520149D8096C061FFD673F /* AddressBookTests.swift in Sources */,
				31F1DF6D5014FD3C0BB362B0 /* AddressTests.swift in Sources */,
				3B98C6A3453632B148FF3379 /* AvatarTests.swift in Sources */,
				0520F4FB65E229931D03ED9B /* BridgeConsoleTests.swift in Sources */,
				0CED335B769FC20C5E1FBF97 /* ChainServiceTestSupport.swift in Sources */,
				F8A1236DC9F093F43745C925 /* DAppStartupTests.swift in Sources */,
				D773B43372E1FBDED1176B97 /* DAppTests.swift in Sources */,
				0D1CBA87D5C676173EF6E37B /* EncryptedKeyTests.swift in Sources */,
				A5A2409814B37E05C0876756 /* FaucetTests.swift in Sources */,
				6FCF292C5B26254F635D7CF8 /* KeyGeneratorTests.swift in Sources */,
				35314BD0A346AF35E1FD69A5 /* NFTTests.swift in Sources */,
				A4EAD7B70EFB608697E679E5 /* NodeMonitorTests.swift in Sources */,
				1FD01BA37E823824E784F994 /* OctezConnectEndToEnd.swift in Sources */,
				D5114AC1C526FA5C1E938482 /* OctezConnectPairingDiagnostic.swift in Sources */,
				F90384B120EBF0588BDE29CB /* PostQuantumSendTests.swift in Sources */,
				49007ED6467AA6F2D6205E8C /* QRCodeTests.swift in Sources */,
				A739ED053C1344CED9AEB04E /* SendTests.swift in Sources */,
				BDFA98421807A07BCED1DAA8 /* TaquitoBridgeTests.swift in Sources */,
				4F54FA31553D267CCB65ED14 /* TezBalanceTests.swift in Sources */,
				D64977C485264CB70239E5A6 /* TezClientStoreDirectoryTests.swift in Sources */,
				7B96FA319FEEBEDB31EDBAE1 /* TezosClientStoreTests.swift in Sources */,
				78CE24F5EAB7F18B76FA8B5C /* TezosDomainsTests.swift in Sources */,
				19F92B5854FE30FF0AC11B4D /* TransactionTests.swift in Sources */,
				5988FB98D3C29FB3B442328B /* WalletBackupTests.swift in Sources */,
			);
			runOnlyForDeploymentPostprocessing = 0;
		};
/* End PBXSourcesBuildPhase section */

/* Begin PBXTargetDependency section */
		70063DDD4DB8F2BC672E82DF /* PBXTargetDependency */ = {
			isa = PBXTargetDependency;
			target = 20A0A6CE7CD9B3C31B94B030 /* Signet */;
			targetProxy = 8BE3DE692F75761E42BF99A8 /* PBXContainerItemProxy */;
		};
/* End PBXTargetDependency section */

/* Begin XCBuildConfiguration section */
		1B628F141A271015EB0D2AB1 /* Debug */ = {
			isa = XCBuildConfiguration;
			buildSettings = {
				ASSETCATALOG_COMPILER_APPICON_NAME = AppIcon;
				ASSETCATALOG_COMPILER_GLOBAL_ACCENT_COLOR_NAME = AccentColor;
				CODE_SIGN_ENTITLEMENTS = Signet/Signet.entitlements;
				COMBINE_HIDPI_IMAGES = YES;
				CURRENT_PROJECT_VERSION = 1;
				INFOPLIST_FILE = Signet/Info.plist;
				LD_RUNPATH_SEARCH_PATHS = (
					"$(inherited)",
					"@executable_path/../Frameworks",
				);
				MARKETING_VERSION = 0.0;
				PRODUCT_BUNDLE_IDENTIFIER = org.tezos.signet;
				PRODUCT_NAME = Signet;
				SDKROOT = macosx;
			};
			name = Debug;
		};
		360C3F1576ED19DD13BDFEAC /* Debug */ = {
			isa = XCBuildConfiguration;
			buildSettings = {
				ALWAYS_SEARCH_USER_PATHS = NO;
				CLANG_ANALYZER_NONNULL = YES;
				CLANG_ANALYZER_NUMBER_OBJECT_CONVERSION = YES_AGGRESSIVE;
				CLANG_CXX_LANGUAGE_STANDARD = "gnu++14";
				CLANG_CXX_LIBRARY = "libc++";
				CLANG_ENABLE_MODULES = YES;
				CLANG_ENABLE_OBJC_ARC = YES;
				CLANG_ENABLE_OBJC_WEAK = YES;
				CLANG_WARN_BLOCK_CAPTURE_AUTORELEASING = YES;
				CLANG_WARN_BOOL_CONVERSION = YES;
				CLANG_WARN_COMMA = YES;
				CLANG_WARN_CONSTANT_CONVERSION = YES;
				CLANG_WARN_DEPRECATED_OBJC_IMPLEMENTATIONS = YES;
				CLANG_WARN_DIRECT_OBJC_ISA_USAGE = YES_ERROR;
				CLANG_WARN_DOCUMENTATION_COMMENTS = YES;
				CLANG_WARN_EMPTY_BODY = YES;
				CLANG_WARN_ENUM_CONVERSION = YES;
				CLANG_WARN_INFINITE_RECURSION = YES;
				CLANG_WARN_INT_CONVERSION = YES;
				CLANG_WARN_NON_LITERAL_NULL_CONVERSION = YES;
				CLANG_WARN_OBJC_IMPLICIT_RETAIN_SELF = YES;
				CLANG_WARN_OBJC_LITERAL_CONVERSION = YES;
				CLANG_WARN_OBJC_ROOT_CLASS = YES_ERROR;
				CLANG_WARN_QUOTED_INCLUDE_IN_FRAMEWORK_HEADER = YES;
				CLANG_WARN_RANGE_LOOP_ANALYSIS = YES;
				CLANG_WARN_STRICT_PROTOTYPES = YES;
				CLANG_WARN_SUSPICIOUS_MOVE = YES;
				CLANG_WARN_UNGUARDED_AVAILABILITY = YES_AGGRESSIVE;
				CLANG_WARN_UNREACHABLE_CODE = YES;
				CLANG_WARN__DUPLICATE_METHOD_MATCH = YES;
				CODE_SIGN_IDENTITY = "-";
				CODE_SIGN_STYLE = Automatic;
				COPY_PHASE_STRIP = NO;
				DEBUG_INFORMATION_FORMAT = dwarf;
				ENABLE_HARDENED_RUNTIME = YES;
				ENABLE_STRICT_OBJC_MSGSEND = YES;
				ENABLE_TESTABILITY = YES;
				GCC_C_LANGUAGE_STANDARD = gnu11;
				GCC_DYNAMIC_NO_PIC = NO;
				GCC_NO_COMMON_BLOCKS = YES;
				GCC_OPTIMIZATION_LEVEL = 0;
				GCC_PREPROCESSOR_DEFINITIONS = (
					"$(inherited)",
					"DEBUG=1",
				);
				GCC_WARN_64_TO_32_BIT_CONVERSION = YES;
				GCC_WARN_ABOUT_RETURN_TYPE = YES_ERROR;
				GCC_WARN_UNDECLARED_SELECTOR = YES;
				GCC_WARN_UNINITIALIZED_AUTOS = YES_AGGRESSIVE;
				GCC_WARN_UNUSED_FUNCTION = YES;
				GCC_WARN_UNUSED_VARIABLE = YES;
				MACOSX_DEPLOYMENT_TARGET = 15.0;
				MTL_ENABLE_DEBUG_INFO = INCLUDE_SOURCE;
				MTL_FAST_MATH = YES;
				ONLY_ACTIVE_ARCH = YES;
				PRODUCT_NAME = "$(TARGET_NAME)";
				SDKROOT = macosx;
				SWIFT_ACTIVE_COMPILATION_CONDITIONS = DEBUG;
				SWIFT_OPTIMIZATION_LEVEL = "-Onone";
				SWIFT_STRICT_CONCURRENCY = complete;
				SWIFT_VERSION = 6.0;
			};
			name = Debug;
		};
		63C239A470D2B45D6F46AC04 /* Release */ = {
			isa = XCBuildConfiguration;
			buildSettings = {
				BUNDLE_LOADER = "$(TEST_HOST)";
				COMBINE_HIDPI_IMAGES = YES;
				GENERATE_INFOPLIST_FILE = YES;
				LD_RUNPATH_SEARCH_PATHS = (
					"$(inherited)",
					"@executable_path/../Frameworks",
					"@loader_path/../Frameworks",
				);
				PRODUCT_BUNDLE_IDENTIFIER = org.tezos.signet.tests;
				SDKROOT = macosx;
				TEST_HOST = "$(BUILT_PRODUCTS_DIR)/Signet.app/Contents/MacOS/Signet";
			};
			name = Release;
		};
		72154F76305840443E6AD6A3 /* Release */ = {
			isa = XCBuildConfiguration;
			buildSettings = {
				ALWAYS_SEARCH_USER_PATHS = NO;
				CLANG_ANALYZER_NONNULL = YES;
				CLANG_ANALYZER_NUMBER_OBJECT_CONVERSION = YES_AGGRESSIVE;
				CLANG_CXX_LANGUAGE_STANDARD = "gnu++14";
				CLANG_CXX_LIBRARY = "libc++";
				CLANG_ENABLE_MODULES = YES;
				CLANG_ENABLE_OBJC_ARC = YES;
				CLANG_ENABLE_OBJC_WEAK = YES;
				CLANG_WARN_BLOCK_CAPTURE_AUTORELEASING = YES;
				CLANG_WARN_BOOL_CONVERSION = YES;
				CLANG_WARN_COMMA = YES;
				CLANG_WARN_CONSTANT_CONVERSION = YES;
				CLANG_WARN_DEPRECATED_OBJC_IMPLEMENTATIONS = YES;
				CLANG_WARN_DIRECT_OBJC_ISA_USAGE = YES_ERROR;
				CLANG_WARN_DOCUMENTATION_COMMENTS = YES;
				CLANG_WARN_EMPTY_BODY = YES;
				CLANG_WARN_ENUM_CONVERSION = YES;
				CLANG_WARN_INFINITE_RECURSION = YES;
				CLANG_WARN_INT_CONVERSION = YES;
				CLANG_WARN_NON_LITERAL_NULL_CONVERSION = YES;
				CLANG_WARN_OBJC_IMPLICIT_RETAIN_SELF = YES;
				CLANG_WARN_OBJC_LITERAL_CONVERSION = YES;
				CLANG_WARN_OBJC_ROOT_CLASS = YES_ERROR;
				CLANG_WARN_QUOTED_INCLUDE_IN_FRAMEWORK_HEADER = YES;
				CLANG_WARN_RANGE_LOOP_ANALYSIS = YES;
				CLANG_WARN_STRICT_PROTOTYPES = YES;
				CLANG_WARN_SUSPICIOUS_MOVE = YES;
				CLANG_WARN_UNGUARDED_AVAILABILITY = YES_AGGRESSIVE;
				CLANG_WARN_UNREACHABLE_CODE = YES;
				CLANG_WARN__DUPLICATE_METHOD_MATCH = YES;
				CODE_SIGN_IDENTITY = "-";
				CODE_SIGN_STYLE = Automatic;
				COPY_PHASE_STRIP = NO;
				DEBUG_INFORMATION_FORMAT = "dwarf-with-dsym";
				ENABLE_HARDENED_RUNTIME = YES;
				ENABLE_NS_ASSERTIONS = NO;
				ENABLE_STRICT_OBJC_MSGSEND = YES;
				GCC_C_LANGUAGE_STANDARD = gnu11;
				GCC_NO_COMMON_BLOCKS = YES;
				GCC_WARN_64_TO_32_BIT_CONVERSION = YES;
				GCC_WARN_ABOUT_RETURN_TYPE = YES_ERROR;
				GCC_WARN_UNDECLARED_SELECTOR = YES;
				GCC_WARN_UNINITIALIZED_AUTOS = YES_AGGRESSIVE;
				GCC_WARN_UNUSED_FUNCTION = YES;
				GCC_WARN_UNUSED_VARIABLE = YES;
				MACOSX_DEPLOYMENT_TARGET = 15.0;
				MTL_ENABLE_DEBUG_INFO = NO;
				MTL_FAST_MATH = YES;
				PRODUCT_NAME = "$(TARGET_NAME)";
				SDKROOT = macosx;
				SWIFT_COMPILATION_MODE = wholemodule;
				SWIFT_OPTIMIZATION_LEVEL = "-O";
				SWIFT_STRICT_CONCURRENCY = complete;
				SWIFT_VERSION = 6.0;
			};
			name = Release;
		};
		8FB5FA583D9E31E7EB27187C /* Debug */ = {
			isa = XCBuildConfiguration;
			buildSettings = {
				BUNDLE_LOADER = "$(TEST_HOST)";
				COMBINE_HIDPI_IMAGES = YES;
				GENERATE_INFOPLIST_FILE = YES;
				LD_RUNPATH_SEARCH_PATHS = (
					"$(inherited)",
					"@executable_path/../Frameworks",
					"@loader_path/../Frameworks",
				);
				PRODUCT_BUNDLE_IDENTIFIER = org.tezos.signet.tests;
				SDKROOT = macosx;
				TEST_HOST = "$(BUILT_PRODUCTS_DIR)/Signet.app/Contents/MacOS/Signet";
			};
			name = Debug;
		};
		AF4740FD19F89456B5D91F7A /* Release */ = {
			isa = XCBuildConfiguration;
			buildSettings = {
				ASSETCATALOG_COMPILER_APPICON_NAME = AppIcon;
				ASSETCATALOG_COMPILER_GLOBAL_ACCENT_COLOR_NAME = AccentColor;
				CODE_SIGN_ENTITLEMENTS = Signet/Signet.entitlements;
				COMBINE_HIDPI_IMAGES = YES;
				CURRENT_PROJECT_VERSION = 1;
				INFOPLIST_FILE = Signet/Info.plist;
				LD_RUNPATH_SEARCH_PATHS = (
					"$(inherited)",
					"@executable_path/../Frameworks",
				);
				MARKETING_VERSION = 0.0;
				PRODUCT_BUNDLE_IDENTIFIER = org.tezos.signet;
				PRODUCT_NAME = Signet;
				SDKROOT = macosx;
			};
			name = Release;
		};
/* End XCBuildConfiguration section */

/* Begin XCConfigurationList section */
		1F085F61B1F984A947AAC73A /* Build configuration list for PBXProject "Signet" */ = {
			isa = XCConfigurationList;
			buildConfigurations = (
				360C3F1576ED19DD13BDFEAC /* Debug */,
				72154F76305840443E6AD6A3 /* Release */,
			);
			defaultConfigurationIsVisible = 0;
			defaultConfigurationName = Debug;
		};
		551EE9AECEE4C818E112F0C8 /* Build configuration list for PBXNativeTarget "Signet" */ = {
			isa = XCConfigurationList;
			buildConfigurations = (
				1B628F141A271015EB0D2AB1 /* Debug */,
				AF4740FD19F89456B5D91F7A /* Release */,
			);
			defaultConfigurationIsVisible = 0;
			defaultConfigurationName = Debug;
		};
		9AED97E22DAAEF52201E9194 /* Build configuration list for PBXNativeTarget "SignetTests" */ = {
			isa = XCConfigurationList;
			buildConfigurations = (
				8FB5FA583D9E31E7EB27187C /* Debug */,
				63C239A470D2B45D6F46AC04 /* Release */,
			);
			defaultConfigurationIsVisible = 0;
			defaultConfigurationName = Debug;
		};
/* End XCConfigurationList section */
	};
	rootObject = 67554F7521F02DFA4AC9B904 /* Project object */;
}
